# THIS IS AN AUTOGENERATED FILE. DO NOT EDIT THIS FILE DIRECTLY.
# yarn lockfile v1


colors@^1.2.4:
  version "1.2.4"
  resolved "https://registry.yarnpkg.com/colors/-/colors-1.2.4.tgz#e0cb41d3e4b20806b3bfc27f4559f01b94bc2f7c"

commander@^2.15.1:
  version "2.15.1"
  resolved "https://registry.yarnpkg.com/commander/-/commander-2.15.1.tgz#df46e867d0fc2aec66a34662b406a9ccafff5b0f"
